
Microsoft Visual Studio Solution File, Format Version 12.00
# Visual Studio 2013
VisualStudioVersion = 12.0.21005.1
MinimumVisualStudioVersion = 10.0.40219.1
Project("{FAE04EC0-301F-11D3-BF4B-00C04F79EFBC}") = "FriendsAgainstHumanity", "FriendsAgainstHumanity\FriendsAgainstHumanity.csproj", "{54A8F435-B205-4FEF-B6E3-16B658BF9D4E}"
EndProject
Project("{FAE04EC0-301F-11D3-BF4B-00C04F79EFBC}") = "FriendsAgainstHumanity.Tests", "FriendsAgainstHumanity.Tests\FriendsAgainstHumanity.Tests.csproj", "{FDE58D16-669A-409E-9432-76503D32F652}"
EndProject
Project("{E24C65DC-7377-472B-9ABA-BC803B73C61A}") = "FriendsAgainstHumanity", "http://localhost/apps/FriendsAgainstHumanity", "{9F796281-D847-48AC-A1CA-76B54D1922DE}"
	ProjectSection(WebsiteProperties) = preProject
		UseIISExpress = "false"
		TargetFrameworkMoniker = ".NETFramework,Version%3Dv4.5"
		Debug.AspNetCompiler.VirtualPath = "/FriendsAgainstHumanity"
		Debug.AspNetCompiler.PhysicalPath = "FriendsAgainstHumanity.WebApp\"
		Debug.AspNetCompiler.TargetPath = "PrecompiledWeb\FriendsAgainstHumanity\"
		Debug.AspNetCompiler.Updateable = "true"
		Debug.AspNetCompiler.ForceOverwrite = "true"
		Debug.AspNetCompiler.FixedNames = "false"
		Debug.AspNetCompiler.Debug = "True"
		Release.AspNetCompiler.VirtualPath = "/FriendsAgainstHumanity"
		Release.AspNetCompiler.PhysicalPath = "FriendsAgainstHumanity.WebApp\"
		Release.AspNetCompiler.TargetPath = "PrecompiledWeb\FriendsAgainstHumanity\"
		Release.AspNetCompiler.Updateable = "true"
		Release.AspNetCompiler.ForceOverwrite = "true"
		Release.AspNetCompiler.FixedNames = "false"
		Release.AspNetCompiler.Debug = "False"
		SlnRelativePath = "FriendsAgainstHumanity.WebApp\"
		DefaultWebSiteLanguage = "Visual C#"
	EndProjectSection
EndProject
Global
	GlobalSection(SolutionConfigurationPlatforms) = preSolution
		Debug|Any CPU = Debug|Any CPU
		Release|Any CPU = Release|Any CPU
	EndGlobalSection
	GlobalSection(ProjectConfigurationPlatforms) = postSolution
		{54A8F435-B205-4FEF-B6E3-16B658BF9D4E}.Debug|Any CPU.ActiveCfg = Debug|Any CPU
		{54A8F435-B205-4FEF-B6E3-16B658BF9D4E}.Debug|Any CPU.Build.0 = Debug|Any CPU
		{54A8F435-B205-4FEF-B6E3-16B658BF9D4E}.Release|Any CPU.ActiveCfg = Release|Any CPU
		{54A8F435-B205-4FEF-B6E3-16B658BF9D4E}.Release|Any CPU.Build.0 = Release|Any CPU
		{FDE58D16-669A-409E-9432-76503D32F652}.Debug|Any CPU.ActiveCfg = Debug|Any CPU
		{FDE58D16-669A-409E-9432-76503D32F652}.Debug|Any CPU.Build.0 = Debug|Any CPU
		{FDE58D16-669A-409E-9432-76503D32F652}.Release|Any CPU.ActiveCfg = Release|Any CPU
		{FDE58D16-669A-409E-9432-76503D32F652}.Release|Any CPU.Build.0 = Release|Any CPU
		{9F796281-D847-48AC-A1CA-76B54D1922DE}.Debug|Any CPU.ActiveCfg = Debug|Any CPU
		{9F796281-D847-48AC-A1CA-76B54D1922DE}.Debug|Any CPU.Build.0 = Debug|Any CPU
		{9F796281-D847-48AC-A1CA-76B54D1922DE}.Release|Any CPU.ActiveCfg = Debug|Any CPU
		{9F796281-D847-48AC-A1CA-76B54D1922DE}.Release|Any CPU.Build.0 = Debug|Any CPU
	EndGlobalSection
	GlobalSection(SolutionProperties) = preSolution
		HideSolutionNode = FALSE
	EndGlobalSection
EndGlobal
